
Microsoft Visual Studio Solution File, Format Version 12.00
# Visual Studio 15
VisualStudioVersion = 15.0.28307.1169
MinimumVisualStudioVersion = 10.0.40219.1
Project("{FAE04EC0-301F-11D3-BF4B-00C04F79EFBC}") = "AzureDotnetWebApp", "AzureDotnetWebApp\AzureDotnetWebApp.csproj", "{BA599676-3B0A-4A76-B310-BA9C4B48F693}"
EndProject
Global
	GlobalSection(SolutionConfigurationPlatforms) = preSolution
		Debug|Any CPU = Debug|Any CPU
		Release|Any CPU = Release|Any CPU
	EndGlobalSection
	GlobalSection(ProjectConfigurationPlatforms) = postSolution
		{BA599676-3B0A-4A76-B310-BA9C4B48F693}.Debug|Any CPU.ActiveCfg = Debug|Any CPU
		{BA599676-3B0A-4A76-B310-BA9C4B48F693}.Debug|Any CPU.Build.0 = Debug|Any CPU
		{BA599676-3B0A-4A76-B310-BA9C4B48F693}.Release|Any CPU.ActiveCfg = Release|Any CPU
		{BA599676-3B0A-4A76-B310-BA9C4B48F693}.Release|Any CPU.Build.0 = Release|Any CPU
	EndGlobalSection
	GlobalSection(SolutionProperties) = preSolution
		HideSolutionNode = FALSE
	EndGlobalSection
	GlobalSection(ExtensibilityGlobals) = postSolution
		SolutionGuid = {E8921ABD-8AD8-401F-A278-4828A2D87B1C}
	EndGlobalSection
EndGlobal
